
Microsoft Visual Studio Solution File, Format Version 12.00
# Visual Studio Version 17
VisualStudioVersion = 17.11.35303.130
MinimumVisualStudioVersion = 10.0.40219.1
Project("{FAE04EC0-301F-11D3-BF4B-00C04F79EFBC}") = "Furniture Factory", "Furniture Factory\Furniture Factory.csproj", "{037B83A1-4BA1-4267-B525-929C35F5A3AB}"
EndProject
Global
	GlobalSection(SolutionConfigurationPlatforms) = preSolution
		Debug|Any CPU = Debug|Any CPU
		Release|Any CPU = Release|Any CPU
	EndGlobalSection
	GlobalSection(ProjectConfigurationPlatforms) = postSolution
		{037B83A1-4BA1-4267-B525-929C35F5A3AB}.Debug|Any CPU.ActiveCfg = Debug|Any CPU
		{037B83A1-4BA1-4267-B525-929C35F5A3AB}.Debug|Any CPU.Build.0 = Debug|Any CPU
		{037B83A1-4BA1-4267-B525-929C35F5A3AB}.Release|Any CPU.ActiveCfg = Release|Any CPU
		{037B83A1-4BA1-4267-B525-929C35F5A3AB}.Release|Any CPU.Build.0 = Release|Any CPU
	EndGlobalSection
	GlobalSection(SolutionProperties) = preSolution
		HideSolutionNode = FALSE
	EndGlobalSection
	GlobalSection(ExtensibilityGlobals) = postSolution
		SolutionGuid = {A3E6D5FB-BE3E-4548-A333-D8B35C2D1176}
	EndGlobalSection
EndGlobal
